Microsoft Visual Studio Solution File, Format Version 11.00
# Visual Studio 2008

Project("{4C1CF900-14A0-E458-DEAF-13D153D301A7}") = "Ball Roler", "Assembly-CSharp.csproj", "{CBEE350E-C4FF-B9E9-9A86-03CF98128D0C}"
EndProject
Global
	GlobalSection(SolutionConfigurationPlatforms) = preSolution
		Debug|Any CPU = Debug|Any CPU
		Release|Any CPU = Release|Any CPU
	EndGlobalSection
	GlobalSection(ProjectConfigurationPlatforms) = postSolution
		{CBEE350E-C4FF-B9E9-9A86-03CF98128D0C}.Debug|Any CPU.ActiveCfg = Debug|Any CPU
		{CBEE350E-C4FF-B9E9-9A86-03CF98128D0C}.Debug|Any CPU.Build.0 = Debug|Any CPU
		{CBEE350E-C4FF-B9E9-9A86-03CF98128D0C}.Release|Any CPU.ActiveCfg = Release|Any CPU
		{CBEE350E-C4FF-B9E9-9A86-03CF98128D0C}.Release|Any CPU.Build.0 = Release|Any CPU
	EndGlobalSection
	GlobalSection(SolutionProperties) = preSolution
		HideSolutionNode = FALSE
	EndGlobalSection
	GlobalSection(MonoDevelopProperties) = preSolution
		StartupItem = Assembly-CSharp.csproj
	EndGlobalSection
EndGlobal
